
Microsoft Visual Studio Solution File, Format Version 12.00
Project("{FAE04EC0-301F-11D3-BF4B-00C04F79EFBC}") = "OnionCSharpPoc", "OnionCSharpPoc/OnionCSharpPoc.csproj", "{01935DDA-8086-4D0F-BA9E-42178F43A6DD}"
EndProject
Project("{FAE04EC0-301F-11D3-BF4B-00C04F79EFBC}") = "OnionCSharpPocTest", "OnionCSharpPocTest\OnionCSharpPocTest.csproj", "{16A35D55-7B0B-4FDF-94B3-55592CDFF817}"
EndProject
Project("{FAE04EC0-301F-11D3-BF4B-00C04F79EFBC}") = "Benchmark", "Benchmark\Benchmark.csproj", "{F04558BF-242D-415F-96BD-ACE38D44EB94}"
EndProject
Global
	GlobalSection(SolutionConfigurationPlatforms) = preSolution
		Debug|Any CPU = Debug|Any CPU
		Release|Any CPU = Release|Any CPU
	EndGlobalSection
	GlobalSection(ProjectConfigurationPlatforms) = postSolution
		{01935DDA-8086-4D0F-BA9E-42178F43A6DD}.Debug|Any CPU.ActiveCfg = Debug|Any CPU
		{01935DDA-8086-4D0F-BA9E-42178F43A6DD}.Debug|Any CPU.Build.0 = Debug|Any CPU
		{01935DDA-8086-4D0F-BA9E-42178F43A6DD}.Release|Any CPU.ActiveCfg = Release|Any CPU
		{01935DDA-8086-4D0F-BA9E-42178F43A6DD}.Release|Any CPU.Build.0 = Release|Any CPU
		{16A35D55-7B0B-4FDF-94B3-55592CDFF817}.Debug|Any CPU.ActiveCfg = Debug|Any CPU
		{16A35D55-7B0B-4FDF-94B3-55592CDFF817}.Debug|Any CPU.Build.0 = Debug|Any CPU
		{16A35D55-7B0B-4FDF-94B3-55592CDFF817}.Release|Any CPU.ActiveCfg = Release|Any CPU
		{16A35D55-7B0B-4FDF-94B3-55592CDFF817}.Release|Any CPU.Build.0 = Release|Any CPU
		{F04558BF-242D-415F-96BD-ACE38D44EB94}.Debug|Any CPU.ActiveCfg = Debug|Any CPU
		{F04558BF-242D-415F-96BD-ACE38D44EB94}.Debug|Any CPU.Build.0 = Debug|Any CPU
		{F04558BF-242D-415F-96BD-ACE38D44EB94}.Release|Any CPU.ActiveCfg = Release|Any CPU
		{F04558BF-242D-415F-96BD-ACE38D44EB94}.Release|Any CPU.Build.0 = Release|Any CPU
	EndGlobalSection
EndGlobal
